
Microsoft Visual Studio Solution File, Format Version 12.00
# Visual Studio 15
VisualStudioVersion = 15.0.27703.2042
MinimumVisualStudioVersion = 10.0.40219.1
Project("{FAE04EC0-301F-11D3-BF4B-00C04F79EFBC}") = "payment", "payment\payment.csproj", "{939EA5E2-29DC-4AAC-9C77-04D867909C7F}"
EndProject
Global
	GlobalSection(SolutionConfigurationPlatforms) = preSolution
		Debug|Any CPU = Debug|Any CPU
		Release|Any CPU = Release|Any CPU
	EndGlobalSection
	GlobalSection(ProjectConfigurationPlatforms) = postSolution
		{939EA5E2-29DC-4AAC-9C77-04D867909C7F}.Debug|Any CPU.ActiveCfg = Debug|Any CPU
		{939EA5E2-29DC-4AAC-9C77-04D867909C7F}.Debug|Any CPU.Build.0 = Debug|Any CPU
		{939EA5E2-29DC-4AAC-9C77-04D867909C7F}.Release|Any CPU.ActiveCfg = Release|Any CPU
		{939EA5E2-29DC-4AAC-9C77-04D867909C7F}.Release|Any CPU.Build.0 = Release|Any CPU
	EndGlobalSection
	GlobalSection(SolutionProperties) = preSolution
		HideSolutionNode = FALSE
	EndGlobalSection
	GlobalSection(ExtensibilityGlobals) = postSolution
		SolutionGuid = {1136E98E-CF6A-4FEC-8253-3707A36FFC78}
	EndGlobalSection
EndGlobal
